// !$*UTF8*$!
{
	archiveVersion = 1;
	classes = {
	};
	objectVersion = 51;
	objects = {

/* Begin PBXBuildFile section */
		A07DF3A021AC796900F8940C /* RecipeDetailViewController.swift in Sources */ = {isa = PBXBuildFile; fileRef = A07DF39F21AC796900F8940C /* RecipeDetailViewController.swift */; };
		A07DF3A821ACC2F100F8940C /* RecipeIngredientsViewController.swift in Sources */ = {isa = PBXBuildFile; fileRef = A07DF3A721ACC2F100F8940C /* RecipeIngredientsViewController.swift */; };
		A0A299EE21AB03A9001D74AB /* AppDelegate.swift in Sources */ = {isa = PBXBuildFile; fileRef = A0A299ED21AB03A9001D74AB /* AppDelegate.swift */; };
		A0A299F321AB03A9001D74AB /* Main.storyboard in Resources */ = {isa = PBXBuildFile; fileRef = A0A299F121AB03A9001D74AB /* Main.storyboard */; };
		A0A299F521AB03AA001D74AB /* Assets.xcassets in Resources */ = {isa = PBXBuildFile; fileRef = A0A299F421AB03AA001D74AB /* Assets.xcassets */; };
		A0A299F821AB03AA001D74AB /* LaunchScreen.storyboard in Resources */ = {isa = PBXBuildFile; fileRef = A0A299F621AB03AA001D74AB /* LaunchScreen.storyboard */; };
		A0A29A0321AB0BBE001D74AB /* Recipe.swift in Sources */ = {isa = PBXBuildFile; fileRef = A0A29A0221AB0BBE001D74AB /* Recipe.swift */; };
		A0A29A0521AB11C8001D74AB /* FoodCategory.swift in Sources */ = {isa = PBXBuildFile; fileRef = A0A29A0421AB11C8001D74AB /* FoodCategory.swift */; };
		A0A29A0721AB11FD001D74AB /* PreparationTime.swift in Sources */ = {isa = PBXBuildFile; fileRef = A0A29A0621AB11FD001D74AB /* PreparationTime.swift */; };
		A0A29A0921AB13A9001D74AB /* Author.swift in Sources */ = {isa = PBXBuildFile; fileRef = A0A29A0821AB13A9001D74AB /* Author.swift */; };
		A0A29A1121AB37B6001D74AB /* MiniListTableViewController.swift in Sources */ = {isa = PBXBuildFile; fileRef = A0A29A1021AB37B6001D74AB /* MiniListTableViewController.swift */; };
		A0A29A1321AB37D1001D74AB /* CardListTableViewController.swift in Sources */ = {isa = PBXBuildFile; fileRef = A0A29A1221AB37D1001D74AB /* CardListTableViewController.swift */; };
		A0A29A1521AB3850001D74AB /* TableViewController.swift in Sources */ = {isa = PBXBuildFile; fileRef = A0A29A1421AB3850001D74AB /* TableViewController.swift */; };
		A0A29A1721AB4165001D74AB /* CardTableViewCell.swift in Sources */ = {isa = PBXBuildFile; fileRef = A0A29A1621AB4165001D74AB /* CardTableViewCell.swift */; };
		A0E4460221ADADFB007D1FE8 /* RecipeViewController.swift in Sources */ = {isa = PBXBuildFile; fileRef = A0E4460121ADADFB007D1FE8 /* RecipeViewController.swift */; };
/* End PBXBuildFile section */

/* Begin PBXFileReference section */
		A07DF39F21AC796900F8940C /* RecipeDetailViewController.swift */ = {isa = PBXFileReference; lastKnownFileType = sourcecode.swift; path = RecipeDetailViewController.swift; sourceTree = "<group>"; };
		A07DF3A721ACC2F100F8940C /* RecipeIngredientsViewController.swift */ = {isa = PBXFileReference; lastKnownFileType = sourcecode.swift; path = RecipeIngredientsViewController.swift; sourceTree = "<group>"; };
		A0A299EA21AB03A8001D74AB /* Recipes.app */ = {isa = PBXFileReference; explicitFileType = wrapper.application; includeInIndex = 0; path = Recipes.app; sourceTree = BUILT_PRODUCTS_DIR; };
		A0A299ED21AB03A9001D74AB /* AppDelegate.swift */ = {isa = PBXFileReference; lastKnownFileType = sourcecode.swift; path = AppDelegate.swift; sourceTree = "<group>"; };
		A0A299F221AB03A9001D74AB /* Base */ = {isa = PBXFileReference; lastKnownFileType = file.storyboard; name = Base; path = Base.lproj/Main.storyboard; sourceTree = "<group>"; };
		A0A299F421AB03AA001D74AB /* Assets.xcassets */ = {isa = PBXFileReference; lastKnownFileType = folder.assetcatalog; path = Assets.xcassets; sourceTree = "<group>"; };
		A0A299F721AB03AA001D74AB /* Base */ = {isa = PBXFileReference; lastKnownFileType = file.storyboard; name = Base; path = Base.lproj/LaunchScreen.storyboard; sourceTree = "<group>"; };
		A0A299F921AB03AA001D74AB /* Info.plist */ = {isa = PBXFileReference; lastKnownFileType = text.plist.xml; path = Info.plist; sourceTree = "<group>"; };
		A0A29A0221AB0BBE001D74AB /* Recipe.swift */ = {isa = PBXFileReference; lastKnownFileType = sourcecode.swift; path = Recipe.swift; sourceTree = "<group>"; };
		A0A29A0421AB11C8001D74AB /* FoodCategory.swift */ = {isa = PBXFileReference; lastKnownFileType = sourcecode.swift; path = FoodCategory.swift; sourceTree = "<group>"; };
		A0A29A0621AB11FD001D74AB /* PreparationTime.swift */ = {isa = PBXFileReference; lastKnownFileType = sourcecode.swift; path = PreparationTime.swift; sourceTree = "<group>"; };
		A0A29A0821AB13A9001D74AB /* Author.swift */ = {isa = PBXFileReference; lastKnownFileType = sourcecode.swift; path = Author.swift; sourceTree = "<group>"; };
		A0A29A1021AB37B6001D74AB /* MiniListTableViewController.swift */ = {isa = PBXFileReference; lastKnownFileType = sourcecode.swift; path = MiniListTableViewController.swift; sourceTree = "<group>"; };
		A0A29A1221AB37D1001D74AB /* CardListTableViewController.swift */ = {isa = PBXFileReference; lastKnownFileType = sourcecode.swift; path = CardListTableViewController.swift; sourceTree = "<group>"; };
		A0A29A1421AB3850001D74AB /* TableViewController.swift */ = {isa = PBXFileReference; lastKnownFileType = sourcecode.swift; path = TableViewController.swift; sourceTree = "<group>"; };
		A0A29A1621AB4165001D74AB /* CardTableViewCell.swift */ = {isa = PBXFileReference; lastKnownFileType = sourcecode.swift; name = CardTableViewCell.swift; path = Recipes/Controller/CardTableViewCell.swift; sourceTree = SOURCE_ROOT; };
		A0E4460121ADADFB007D1FE8 /* RecipeViewController.swift */ = {isa = PBXFileReference; lastKnownFileType = sourcecode.swift; path = RecipeViewController.swift; sourceTree = "<group>"; };
/* End PBXFileReference section */

/* Begin PBXFrameworksBuildPhase section */
		A0A299E721AB03A8001D74AB /* Frameworks */ = {
			isa = PBXFrameworksBuildPhase;
			buildActionMask = 2147483647;
			files = (
			);
			runOnlyForDeploymentPostprocessing = 0;
		};
/* End PBXFrameworksBuildPhase section */

/* Begin PBXGroup section */
		A0A299E121AB03A8001D74AB = {
			isa = PBXGroup;
			children = (
				A0A299EC21AB03A9001D74AB /* Recipes */,
				A0A299EB21AB03A8001D74AB /* Products */,
			);
			sourceTree = "<group>";
		};
		A0A299EB21AB03A8001D74AB /* Products */ = {
			isa = PBXGroup;
			children = (
				A0A299EA21AB03A8001D74AB /* Recipes.app */,
			);
			name = Products;
			sourceTree = "<group>";
		};
		A0A299EC21AB03A9001D74AB /* Recipes */ = {
			isa = PBXGroup;
			children = (
				A0A299FF21AB067E001D74AB /* Model */,
				A0A29A0021AB0686001D74AB /* View */,
				A0A29A0121AB0692001D74AB /* Controller */,
				A0A299F921AB03AA001D74AB /* Info.plist */,
				A0A299F621AB03AA001D74AB /* LaunchScreen.storyboard */,
				A0A299ED21AB03A9001D74AB /* AppDelegate.swift */,
				A0A299F421AB03AA001D74AB /* Assets.xcassets */,
				A0A299F121AB03A9001D74AB /* Main.storyboard */,
			);
			path = Recipes;
			sourceTree = "<group>";
		};
		A0A299FF21AB067E001D74AB /* Model */ = {
			isa = PBXGroup;
			children = (
				A0A29A0421AB11C8001D74AB /* FoodCategory.swift */,
				A0A29A0621AB11FD001D74AB /* PreparationTime.swift */,
				A0A29A0821AB13A9001D74AB /* Author.swift */,
				A0A29A0221AB0BBE001D74AB /* Recipe.swift */,
			);
			path = Model;
			sourceTree = "<group>";
		};
		A0A29A0021AB0686001D74AB /* View */ = {
			isa = PBXGroup;
			children = (
				A0A29A1621AB4165001D74AB /* CardTableViewCell.swift */,
			);
			path = View;
			sourceTree = "<group>";
		};
		A0A29A0121AB0692001D74AB /* Controller */ = {
			isa = PBXGroup;
			children = (
				A0A29A1421AB3850001D74AB /* TableViewController.swift */,
				A0A29A1021AB37B6001D74AB /* MiniListTableViewController.swift */,
				A0A29A1221AB37D1001D74AB /* CardListTableViewController.swift */,
				A0E4460121ADADFB007D1FE8 /* RecipeViewController.swift */,
				A07DF39F21AC796900F8940C /* RecipeDetailViewController.swift */,
				A07DF3A721ACC2F100F8940C /* RecipeIngredientsViewController.swift */,
			);
			path = Controller;
			sourceTree = "<group>";
		};
/* End PBXGroup section */

/* Begin PBXNativeTarget section */
		A0A299E921AB03A8001D74AB /* Recipes */ = {
			isa = PBXNativeTarget;
			buildConfigurationList = A0A299FC21AB03AA001D74AB /* Build configuration list for PBXNativeTarget "Recipes" */;
			buildPhases = (
				A0A299E621AB03A8001D74AB /* Sources */,
				A0A299E721AB03A8001D74AB /* Frameworks */,
				A0A299E821AB03A8001D74AB /* Resources */,
			);
			buildRules = (
			);
			dependencies = (
			);
			name = Recipes;
			productName = Recipes;
			productReference = A0A299EA21AB03A8001D74AB /* Recipes.app */;
			productType = "com.apple.product-type.application";
		};
/* End PBXNativeTarget section */

/* Begin PBXProject section */
		A0A299E221AB03A8001D74AB /* Project object */ = {
			isa = PBXProject;
			attributes = {
				LastSwiftUpdateCheck = 1010;
				LastUpgradeCheck = 1010;
				ORGANIZATIONNAME = "FMFI UK";
				TargetAttributes = {
					A0A299E921AB03A8001D74AB = {
						CreatedOnToolsVersion = 10.1;
					};
				};
			};
			buildConfigurationList = A0A299E521AB03A8001D74AB /* Build configuration list for PBXProject "Recipes" */;
			compatibilityVersion = "Xcode 10.0";
			developmentRegion = en;
			hasScannedForEncodings = 0;
			knownRegions = (
				en,
				Base,
			);
			mainGroup = A0A299E121AB03A8001D74AB;
			productRefGroup = A0A299EB21AB03A8001D74AB /* Products */;
			projectDirPath = "";
			projectRoot = "";
			targets = (
				A0A299E921AB03A8001D74AB /* Recipes */,
			);
		};
/* End PBXProject section */

/* Begin PBXResourcesBuildPhase section */
		A0A299E821AB03A8001D74AB /* Resources */ = {
			isa = PBXResourcesBuildPhase;
			buildActionMask = 2147483647;
			files = (
				A0A299F821AB03AA001D74AB /* LaunchScreen.storyboard in Resources */,
				A0A299F521AB03AA001D74AB /* Assets.xcassets in Resources */,
				A0A299F321AB03A9001D74AB /* Main.storyboard in Resources */,
			);
			runOnlyForDeploymentPostprocessing = 0;
		};
/* End PBXResourcesBuildPhase section */

/* Begin PBXSourcesBuildPhase section */
		A0A299E621AB03A8001D74AB /* Sources */ = {
			isa = PBXSourcesBuildPhase;
			buildActionMask = 2147483647;
			files = (
				A0A29A0921AB13A9001D74AB /* Author.swift in Sources */,
				A0A29A1121AB37B6001D74AB /* MiniListTableViewController.swift in Sources */,
				A0A29A1321AB37D1001D74AB /* CardListTableViewController.swift in Sources */,
				A0A29A0321AB0BBE001D74AB /* Recipe.swift in Sources */,
				A0A29A1721AB4165001D74AB /* CardTableViewCell.swift in Sources */,
				A0A299EE21AB03A9001D74AB /* AppDelegate.swift in Sources */,
				A0E4460221ADADFB007D1FE8 /* RecipeViewController.swift in Sources */,
				A07DF3A021AC796900F8940C /* RecipeDetailViewController.swift in Sources */,
				A0A29A0721AB11FD001D74AB /* PreparationTime.swift in Sources */,
				A07DF3A821ACC2F100F8940C /* RecipeIngredientsViewController.swift in Sources */,
				A0A29A1521AB3850001D74AB /* TableViewController.swift in Sources */,
				A0A29A0521AB11C8001D74AB /* FoodCategory.swift in Sources */,
			);
			runOnlyForDeploymentPostprocessing = 0;
		};
/* End PBXSourcesBuildPhase section */

/* Begin PBXVariantGroup section */
		A0A299F121AB03A9001D74AB /* Main.storyboard */ = {
			isa = PBXVariantGroup;
			children = (
				A0A299F221AB03A9001D74AB /* Base */,
			);
			name = Main.storyboard;
			sourceTree = "<group>";
		};
		A0A299F621AB03AA001D74AB /* LaunchScreen.storyboard */ = {
			isa = PBXVariantGroup;
			children = (
				A0A299F721AB03AA001D74AB /* Base */,
			);
			name = LaunchScreen.storyboard;
			sourceTree = "<group>";
		};
/* End PBXVariantGroup section */

/* Begin XCBuildConfiguration section */
		A0A299FA21AB03AA001D74AB /* Debug */ = {
			isa = XCBuildConfiguration;
			buildSettings = {
				ALWAYS_SEARCH_USER_PATHS = NO;
				CLANG_ANALYZER_NONNULL = YES;
				CLANG_ANALYZER_NUMBER_OBJECT_CONVERSION = YES_AGGRESSIVE;
				CLANG_CXX_LANGUAGE_STANDARD = "gnu++14";
				CLANG_CXX_LIBRARY = "libc++";
				CLANG_ENABLE_MODULES = YES;
				CLANG_ENABLE_OBJC_ARC = YES;
				CLANG_ENABLE_OBJC_WEAK = YES;
				CLANG_WARN_BLOCK_CAPTURE_AUTORELEASING = YES;
				CLANG_WARN_BOOL_CONVERSION = YES;
				CLANG_WARN_COMMA = YES;
				CLANG_WARN_CONSTANT_CONVERSION = YES;
				CLANG_WARN_DEPRECATED_OBJC_IMPLEMENTATIONS = YES;
				CLANG_WARN_DIRECT_OBJC_ISA_USAGE = YES_ERROR;
				CLANG_WARN_DOCUMENTATION_COMMENTS = YES;
				CLANG_WARN_EMPTY_BODY = YES;
				CLANG_WARN_ENUM_CONVERSION = YES;
				CLANG_WARN_INFINITE_RECURSION = YES;
				CLANG_WARN_INT_CONVERSION = YES;
				CLANG_WARN_NON_LITERAL_NULL_CONVERSION = YES;
				CLANG_WARN_OBJC_IMPLICIT_RETAIN_SELF = YES;
				CLANG_WARN_OBJC_LITERAL_CONVERSION = YES;
				CLANG_WARN_OBJC_ROOT_CLASS = YES_ERROR;
				CLANG_WARN_RANGE_LOOP_ANALYSIS = YES;
				CLANG_WARN_STRICT_PROTOTYPES = YES;
				CLANG_WARN_SUSPICIOUS_MOVE = YES;
				CLANG_WARN_UNGUARDED_AVAILABILITY = YES_AGGRESSIVE;
				CLANG_WARN_UNREACHABLE_CODE = YES;
				CLANG_WARN__DUPLICATE_METHOD_MATCH = YES;
				CODE_SIGN_IDENTITY = "iPhone Developer";
				COPY_PHASE_STRIP = NO;
				DEBUG_INFORMATION_FORMAT = dwarf;
				ENABLE_STRICT_OBJC_MSGSEND = YES;
				ENABLE_TESTABILITY = YES;
				GCC_C_LANGUAGE_STANDARD = gnu11;
				GCC_DYNAMIC_NO_PIC = NO;
				GCC_NO_COMMON_BLOCKS = YES;
				GCC_OPTIMIZATION_LEVEL = 0;
				GCC_PREPROCESSOR_DEFINITIONS = (
					"DEBUG=1",
					"$(inherited)",
				);
				GCC_WARN_64_TO_32_BIT_CONVERSION = YES;
				GCC_WARN_ABOUT_RETURN_TYPE = YES_ERROR;
				GCC_WARN_UNDECLARED_SELECTOR = YES;
				GCC_WARN_UNINITIALIZED_AUTOS = YES_AGGRESSIVE;
				GCC_WARN_UNUSED_FUNCTION = YES;
				GCC_WARN_UNUSED_VARIABLE = YES;
				IPHONEOS_DEPLOYMENT_TARGET = 12.1;
				MTL_ENABLE_DEBUG_INFO = INCLUDE_SOURCE;
				MTL_FAST_MATH = YES;
				ONLY_ACTIVE_ARCH = YES;
				SDKROOT = iphoneos;
				SWIFT_ACTIVE_COMPILATION_CONDITIONS = DEBUG;
				SWIFT_OPTIMIZATION_LEVEL = "-Onone";
			};
			name = Debug;
		};
		A0A299FB21AB03AA001D74AB /* Release */ = {
			isa = XCBuildConfiguration;
			buildSettings = {
				ALWAYS_SEARCH_USER_PATHS = NO;
				CLANG_ANALYZER_NONNULL = YES;
				CLANG_ANALYZER_NUMBER_OBJECT_CONVERSION = YES_AGGRESSIVE;
				CLANG_CXX_LANGUAGE_STANDARD = "gnu++14";
				CLANG_CXX_LIBRARY = "libc++";
				CLANG_ENABLE_MODULES = YES;
				CLANG_ENABLE_OBJC_ARC = YES;
				CLANG_ENABLE_OBJC_WEAK = YES;
				CLANG_WARN_BLOCK_CAPTURE_AUTORELEASING = YES;
				CLANG_WARN_BOOL_CONVERSION = YES;
				CLANG_WARN_COMMA = YES;
				CLANG_WARN_CONSTANT_CONVERSION = YES;
				CLANG_WARN_DEPRECATED_OBJC_IMPLEMENTATIONS = YES;
				CLANG_WARN_DIRECT_OBJC_ISA_USAGE = YES_ERROR;
				CLANG_WARN_DOCUMENTATION_COMMENTS = YES;
				CLANG_WARN_EMPTY_BODY = YES;
				CLANG_WARN_ENUM_CONVERSION = YES;
				CLANG_WARN_INFINITE_RECURSION = YES;
				CLANG_WARN_INT_CONVERSION = YES;
				CLANG_WARN_NON_LITERAL_NULL_CONVERSION = YES;
				CLANG_WARN_OBJC_IMPLICIT_RETAIN_SELF = YES;
				CLANG_WARN_OBJC_LITERAL_CONVERSION = YES;
				CLANG_WARN_OBJC_ROOT_CLASS = YES_ERROR;
				CLANG_WARN_RANGE_LOOP_ANALYSIS = YES;
				CLANG_WARN_STRICT_PROTOTYPES = YES;
				CLANG_WARN_SUSPICIOUS_MOVE = YES;
				CLANG_WARN_UNGUARDED_AVAILABILITY = YES_AGGRESSIVE;
				CLANG_WARN_UNREACHABLE_CODE = YES;
				CLANG_WARN__DUPLICATE_METHOD_MATCH = YES;
				CODE_SIGN_IDENTITY = "iPhone Developer";
				COPY_PHASE_STRIP = NO;
				DEBUG_INFORMATION_FORMAT = "dwarf-with-dsym";
				ENABLE_NS_ASSERTIONS = NO;
				ENABLE_STRICT_OBJC_MSGSEND = YES;
				GCC_C_LANGUAGE_STANDARD = gnu11;
				GCC_NO_COMMON_BLOCKS = YES;
				GCC_WARN_64_TO_32_BIT_CONVERSION = YES;
				GCC_WARN_ABOUT_RETURN_TYPE = YES_ERROR;
				GCC_WARN_UNDECLARED_SELECTOR = YES;
				GCC_WARN_UNINITIALIZED_AUTOS = YES_AGGRESSIVE;
				GCC_WARN_UNUSED_FUNCTION = YES;
				GCC_WARN_UNUSED_VARIABLE = YES;
				IPHONEOS_DEPLOYMENT_TARGET = 12.1;
				MTL_ENABLE_DEBUG_INFO = NO;
				MTL_FAST_MATH = YES;
				SDKROOT = iphoneos;
				SWIFT_COMPILATION_MODE = wholemodule;
				SWIFT_OPTIMIZATION_LEVEL = "-O";
				VALIDATE_PRODUCT = YES;
			};
			name = Release;
		};
		A0A299FD21AB03AA001D74AB /* Debug */ = {
			isa = XCBuildConfiguration;
			buildSettings = {
				ASSETCATALOG_COMPILER_APPICON_NAME = AppIcon;
				CODE_SIGN_STYLE = Automatic;
				DEVELOPMENT_TEAM = 73W76DT7L3;
				INFOPLIST_FILE = Recipes/Info.plist;
				IPHONEOS_DEPLOYMENT_TARGET = 12;
				LD_RUNPATH_SEARCH_PATHS = (
					"$(inherited)",
					"@executable_path/Frameworks",
				);
				PRODUCT_BUNDLE_IDENTIFIER = puskel1.matfyz.Recipes;
				PRODUCT_NAME = "$(TARGET_NAME)";
				SWIFT_VERSION = 4.2;
				TARGETED_DEVICE_FAMILY = "1,2";
			};
			name = Debug;
		};
		A0A299FE21AB03AA001D74AB /* Release */ = {
			isa = XCBuildConfiguration;
			buildSettings = {
				ASSETCATALOG_COMPILER_APPICON_NAME = AppIcon;
				CODE_SIGN_STYLE = Automatic;
				DEVELOPMENT_TEAM = 73W76DT7L3;
				INFOPLIST_FILE = Recipes/Info.plist;
				IPHONEOS_DEPLOYMENT_TARGET = 12;
				LD_RUNPATH_SEARCH_PATHS = (
					"$(inherited)",
					"@executable_path/Frameworks",
				);
				PRODUCT_BUNDLE_IDENTIFIER = puskel1.matfyz.Recipes;
				PRODUCT_NAME = "$(TARGET_NAME)";
				SWIFT_VERSION = 4.2;
				TARGETED_DEVICE_FAMILY = "1,2";
			};
			name = Release;
		};
/* End XCBuildConfiguration section */

/* Begin XCConfigurationList section */
		A0A299E521AB03A8001D74AB /* Build configuration list for PBXProject "Recipes" */ = {
			isa = XCConfigurationList;
			buildConfigurations = (
				A0A299FA21AB03AA001D74AB /* Debug */,
				A0A299FB21AB03AA001D74AB /* Release */,
			);
			defaultConfigurationIsVisible = 0;
			defaultConfigurationName = Release;
		};
		A0A299FC21AB03AA001D74AB /* Build configuration list for PBXNativeTarget "Recipes" */ = {
			isa = XCConfigurationList;
			buildConfigurations = (
				A0A299FD21AB03AA001D74AB /* Debug */,
				A0A299FE21AB03AA001D74AB /* Release */,
			);
			defaultConfigurationIsVisible = 0;
			defaultConfigurationName = Release;
		};
/* End XCConfigurationList section */
	};
	rootObject = A0A299E221AB03A8001D74AB /* Project object */;
}
